
Microsoft Visual Studio Solution File, Format Version 12.00
# Visual Studio Version 16
VisualStudioVersion = 16.0.31605.320
MinimumVisualStudioVersion = 10.0.40219.1
Project("{9A19103F-16F7-4668-BE54-9A1E7A4F7556}") = "Application", "Application\Application.csproj", "{03BBDF50-79C4-4301-8B24-C0AD77BCF40C}"
EndProject
Project("{FAE04EC0-301F-11D3-BF4B-00C04F79EFBC}") = "Logging", "Logging\Logging.csproj", "{297154DA-AE91-41E4-BB24-699904E61780}"
EndProject
Global
	GlobalSection(SolutionConfigurationPlatforms) = preSolution
		Debug|Any CPU = Debug|Any CPU
		Release|Any CPU = Release|Any CPU
	EndGlobalSection
	GlobalSection(ProjectConfigurationPlatforms) = postSolution
		{03BBDF50-79C4-4301-8B24-C0AD77BCF40C}.Debug|Any CPU.ActiveCfg = Debug|Any CPU
		{03BBDF50-79C4-4301-8B24-C0AD77BCF40C}.Debug|Any CPU.Build.0 = Debug|Any CPU
		{03BBDF50-79C4-4301-8B24-C0AD77BCF40C}.Release|Any CPU.ActiveCfg = Release|Any CPU
		{03BBDF50-79C4-4301-8B24-C0AD77BCF40C}.Release|Any CPU.Build.0 = Release|Any CPU
		{297154DA-AE91-41E4-BB24-699904E61780}.Debug|Any CPU.ActiveCfg = Debug|Any CPU
		{297154DA-AE91-41E4-BB24-699904E61780}.Debug|Any CPU.Build.0 = Debug|Any CPU
		{297154DA-AE91-41E4-BB24-699904E61780}.Release|Any CPU.ActiveCfg = Release|Any CPU
		{297154DA-AE91-41E4-BB24-699904E61780}.Release|Any CPU.Build.0 = Release|Any CPU
	EndGlobalSection
	GlobalSection(SolutionProperties) = preSolution
		HideSolutionNode = FALSE
	EndGlobalSection
	GlobalSection(ExtensibilityGlobals) = postSolution
		SolutionGuid = {D526E707-EA67-4140-954A-664C6BD5B3F9}
	EndGlobalSection
EndGlobal
